
Microsoft Visual Studio Solution File, Format Version 12.00
# Visual Studio 14
VisualStudioVersion = 14.0.25420.1
MinimumVisualStudioVersion = 10.0.40219.1
Project("{FAE04EC0-301F-11D3-BF4B-00C04F79EFBC}") = "Lab7Sqlite", "Lab7Sqlite\Lab7Sqlite.csproj", "{35416CB8-81DD-4F9A-8A8B-2563AFD9CC38}"
EndProject
Project("{FAE04EC0-301F-11D3-BF4B-00C04F79EFBC}") = "DAL", "DAL\DAL.csproj", "{812D06AF-14D3-4450-8026-F8EFF3930F19}"
EndProject
Global
	GlobalSection(SolutionConfigurationPlatforms) = preSolution
		Debug|Any CPU = Debug|Any CPU
		Release|Any CPU = Release|Any CPU
	EndGlobalSection
	GlobalSection(ProjectConfigurationPlatforms) = postSolution
		{35416CB8-81DD-4F9A-8A8B-2563AFD9CC38}.Debug|Any CPU.ActiveCfg = Debug|Any CPU
		{35416CB8-81DD-4F9A-8A8B-2563AFD9CC38}.Debug|Any CPU.Build.0 = Debug|Any CPU
		{35416CB8-81DD-4F9A-8A8B-2563AFD9CC38}.Debug|Any CPU.Deploy.0 = Debug|Any CPU
		{35416CB8-81DD-4F9A-8A8B-2563AFD9CC38}.Release|Any CPU.ActiveCfg = Release|Any CPU
		{35416CB8-81DD-4F9A-8A8B-2563AFD9CC38}.Release|Any CPU.Build.0 = Release|Any CPU
		{35416CB8-81DD-4F9A-8A8B-2563AFD9CC38}.Release|Any CPU.Deploy.0 = Release|Any CPU
		{812D06AF-14D3-4450-8026-F8EFF3930F19}.Debug|Any CPU.ActiveCfg = Debug|Any CPU
		{812D06AF-14D3-4450-8026-F8EFF3930F19}.Debug|Any CPU.Build.0 = Debug|Any CPU
		{812D06AF-14D3-4450-8026-F8EFF3930F19}.Release|Any CPU.ActiveCfg = Release|Any CPU
		{812D06AF-14D3-4450-8026-F8EFF3930F19}.Release|Any CPU.Build.0 = Release|Any CPU
	EndGlobalSection
	GlobalSection(SolutionProperties) = preSolution
		HideSolutionNode = FALSE
	EndGlobalSection
EndGlobal
